
Microsoft Visual Studio Solution File, Format Version 12.00
# Visual Studio Version 16
VisualStudioVersion = 16.0.30309.148
MinimumVisualStudioVersion = 10.0.40219.1
Project("{FAE04EC0-301F-11D3-BF4B-00C04F79EFBC}") = "RandomWalk", "RandomWalk\RandomWalk.csproj", "{B8F27718-516E-4D98-83E5-E0966B42CB2A}"
EndProject
Global
	GlobalSection(SolutionConfigurationPlatforms) = preSolution
		Debug|Any CPU = Debug|Any CPU
		Release|Any CPU = Release|Any CPU
	EndGlobalSection
	GlobalSection(ProjectConfigurationPlatforms) = postSolution
		{B8F27718-516E-4D98-83E5-E0966B42CB2A}.Debug|Any CPU.ActiveCfg = Debug|Any CPU
		{B8F27718-516E-4D98-83E5-E0966B42CB2A}.Debug|Any CPU.Build.0 = Debug|Any CPU
		{B8F27718-516E-4D98-83E5-E0966B42CB2A}.Release|Any CPU.ActiveCfg = Release|Any CPU
		{B8F27718-516E-4D98-83E5-E0966B42CB2A}.Release|Any CPU.Build.0 = Release|Any CPU
	EndGlobalSection
	GlobalSection(SolutionProperties) = preSolution
		HideSolutionNode = FALSE
	EndGlobalSection
	GlobalSection(ExtensibilityGlobals) = postSolution
		SolutionGuid = {5B4E37FA-87A7-4A8A-B05D-8DEB907B36D1}
	EndGlobalSection
EndGlobal
